
Microsoft Visual Studio Solution File, Format Version 12.00
# Visual Studio Version 17
VisualStudioVersion = 17.8.34525.116
MinimumVisualStudioVersion = 10.0.40219.1
Project("{9A19103F-16F7-4668-BE54-9A1E7A4F7556}") = "Workaround", "Workaround\Workaround.csproj", "{7CDF1B9A-74DE-438D-8AD9-BB30C413803C}"
EndProject
Project("{FAE04EC0-301F-11D3-BF4B-00C04F79EFBC}") = "Entities", "Entities\Entities.csproj", "{FEF78EC7-565C-48D6-A3F9-28916801874D}"
EndProject
Project("{FAE04EC0-301F-11D3-BF4B-00C04F79EFBC}") = "Business", "Business\Business.csproj", "{8D27AEC0-0FDE-4B0E-9218-EE1BFA66251A}"
EndProject
Global
	GlobalSection(SolutionConfigurationPlatforms) = preSolution
		Debug|Any CPU = Debug|Any CPU
		Release|Any CPU = Release|Any CPU
	EndGlobalSection
	GlobalSection(ProjectConfigurationPlatforms) = postSolution
		{7CDF1B9A-74DE-438D-8AD9-BB30C413803C}.Debug|Any CPU.ActiveCfg = Debug|Any CPU
		{7CDF1B9A-74DE-438D-8AD9-BB30C413803C}.Debug|Any CPU.Build.0 = Debug|Any CPU
		{7CDF1B9A-74DE-438D-8AD9-BB30C413803C}.Release|Any CPU.ActiveCfg = Release|Any CPU
		{7CDF1B9A-74DE-438D-8AD9-BB30C413803C}.Release|Any CPU.Build.0 = Release|Any CPU
		{FEF78EC7-565C-48D6-A3F9-28916801874D}.Debug|Any CPU.ActiveCfg = Debug|Any CPU
		{FEF78EC7-565C-48D6-A3F9-28916801874D}.Debug|Any CPU.Build.0 = Debug|Any CPU
		{FEF78EC7-565C-48D6-A3F9-28916801874D}.Release|Any CPU.ActiveCfg = Release|Any CPU
		{FEF78EC7-565C-48D6-A3F9-28916801874D}.Release|Any CPU.Build.0 = Release|Any CPU
		{8D27AEC0-0FDE-4B0E-9218-EE1BFA66251A}.Debug|Any CPU.ActiveCfg = Debug|Any CPU
		{8D27AEC0-0FDE-4B0E-9218-EE1BFA66251A}.Debug|Any CPU.Build.0 = Debug|Any CPU
		{8D27AEC0-0FDE-4B0E-9218-EE1BFA66251A}.Release|Any CPU.ActiveCfg = Release|Any CPU
		{8D27AEC0-0FDE-4B0E-9218-EE1BFA66251A}.Release|Any CPU.Build.0 = Release|Any CPU
	EndGlobalSection
	GlobalSection(SolutionProperties) = preSolution
		HideSolutionNode = FALSE
	EndGlobalSection
	GlobalSection(ExtensibilityGlobals) = postSolution
		SolutionGuid = {1FB3AC90-5A9E-46B0-8100-498D81A040C8}
	EndGlobalSection
EndGlobal
